// !$*UTF8*$!
{
	archiveVersion = 1;
	classes = {
	};
	objectVersion = 50;
	objects = {

/* Begin PBXBuildFile section */
		90045A932107A5BD00227D18 /* ListingViewController.swift in Sources */ = {isa = PBXBuildFile; fileRef = 90045A922107A5BD00227D18 /* ListingViewController.swift */; };
		90045A9F2107B34000227D18 /* Router.swift in Sources */ = {isa = PBXBuildFile; fileRef = 90045A9E2107B34000227D18 /* Router.swift */; };
		9025950D2108E55A0056987E /* SynchronousDataTask.swift in Sources */ = {isa = PBXBuildFile; fileRef = 9025950C2108E55A0056987E /* SynchronousDataTask.swift */; };
		9025950F2108FDE50056987E /* ScheduleRequest.swift in Sources */ = {isa = PBXBuildFile; fileRef = 9025950E2108FDE50056987E /* ScheduleRequest.swift */; };
		902595112109009D0056987E /* URLContants.swift in Sources */ = {isa = PBXBuildFile; fileRef = 902595102109009D0056987E /* URLContants.swift */; };
		90259515210A06370056987E /* ScheduleResponse.swift in Sources */ = {isa = PBXBuildFile; fileRef = 90259514210A06370056987E /* ScheduleResponse.swift */; };
		90259517210A180D0056987E /* ScheduledWorkout.swift in Sources */ = {isa = PBXBuildFile; fileRef = 90259516210A180D0056987E /* ScheduledWorkout.swift */; };
		90259519210A18200056987E /* Response.swift in Sources */ = {isa = PBXBuildFile; fileRef = 90259518210A18200056987E /* Response.swift */; };
		9025951B210B714A0056987E /* LoginRequest.swift in Sources */ = {isa = PBXBuildFile; fileRef = 9025951A210B714A0056987E /* LoginRequest.swift */; };
		9025951F210BBDA30056987E /* HTTPClient.swift in Sources */ = {isa = PBXBuildFile; fileRef = 9025951E210BBDA30056987E /* HTTPClient.swift */; };
		9087AFFC20F4EAB000179EFB /* AppDelegate.swift in Sources */ = {isa = PBXBuildFile; fileRef = 9087AFFB20F4EAB000179EFB /* AppDelegate.swift */; };
		9087B00320F4EAB000179EFB /* Main.storyboard in Resources */ = {isa = PBXBuildFile; fileRef = 9087B00120F4EAB000179EFB /* Main.storyboard */; };
		9087B00520F4EAB200179EFB /* Assets.xcassets in Resources */ = {isa = PBXBuildFile; fileRef = 9087B00420F4EAB200179EFB /* Assets.xcassets */; };
		9087B00820F4EAB200179EFB /* LaunchScreen.storyboard in Resources */ = {isa = PBXBuildFile; fileRef = 9087B00620F4EAB200179EFB /* LaunchScreen.storyboard */; };
		9087B01320F4EAB200179EFB /* ROMWODTests.swift in Sources */ = {isa = PBXBuildFile; fileRef = 9087B01220F4EAB200179EFB /* ROMWODTests.swift */; };
		9087B01E20F4EAB200179EFB /* ROMWODUITests.swift in Sources */ = {isa = PBXBuildFile; fileRef = 9087B01D20F4EAB200179EFB /* ROMWODUITests.swift */; };
		9087B03020F8D7B400179EFB /* LoginViewController.swift in Sources */ = {isa = PBXBuildFile; fileRef = 9087B02F20F8D7B400179EFB /* LoginViewController.swift */; };
		9087B03320FCCD6F00179EFB /* User.swift in Sources */ = {isa = PBXBuildFile; fileRef = 9087B03220FCCD6E00179EFB /* User.swift */; };
		9087B03520FCE1BA00179EFB /* ProfileResponse.swift in Sources */ = {isa = PBXBuildFile; fileRef = 9087B03420FCE1BA00179EFB /* ProfileResponse.swift */; };
		90B7AE312111316A00BA2905 /* UIVideoThumbnail.xib in Resources */ = {isa = PBXBuildFile; fileRef = 90B7AE302111316900BA2905 /* UIVideoThumbnail.xib */; };
		90B7AE33211133F300BA2905 /* UIVideoThumbnail.swift in Sources */ = {isa = PBXBuildFile; fileRef = 90B7AE32211133F300BA2905 /* UIVideoThumbnail.swift */; };
/* End PBXBuildFile section */

/* Begin PBXContainerItemProxy section */
		9087B00F20F4EAB200179EFB /* PBXContainerItemProxy */ = {
			isa = PBXContainerItemProxy;
			containerPortal = 9087AFF020F4EAB000179EFB /* Project object */;
			proxyType = 1;
			remoteGlobalIDString = 9087AFF720F4EAB000179EFB;
			remoteInfo = ROMWOD;
		};
		9087B01A20F4EAB200179EFB /* PBXContainerItemProxy */ = {
			isa = PBXContainerItemProxy;
			containerPortal = 9087AFF020F4EAB000179EFB /* Project object */;
			proxyType = 1;
			remoteGlobalIDString = 9087AFF720F4EAB000179EFB;
			remoteInfo = ROMWOD;
		};
/* End PBXContainerItemProxy section */

/* Begin PBXFileReference section */
		90045A922107A5BD00227D18 /* ListingViewController.swift */ = {isa = PBXFileReference; lastKnownFileType = sourcecode.swift; path = ListingViewController.swift; sourceTree = "<group>"; };
		90045A9E2107B34000227D18 /* Router.swift */ = {isa = PBXFileReference; lastKnownFileType = sourcecode.swift; path = Router.swift; sourceTree = "<group>"; };
		9025950C2108E55A0056987E /* SynchronousDataTask.swift */ = {isa = PBXFileReference; lastKnownFileType = sourcecode.swift; path = SynchronousDataTask.swift; sourceTree = "<group>"; };
		9025950E2108FDE50056987E /* ScheduleRequest.swift */ = {isa = PBXFileReference; lastKnownFileType = sourcecode.swift; path = ScheduleRequest.swift; sourceTree = "<group>"; };
		902595102109009D0056987E /* URLContants.swift */ = {isa = PBXFileReference; lastKnownFileType = sourcecode.swift; path = URLContants.swift; sourceTree = "<group>"; };
		90259514210A06370056987E /* ScheduleResponse.swift */ = {isa = PBXFileReference; lastKnownFileType = sourcecode.swift; path = ScheduleResponse.swift; sourceTree = "<group>"; };
		90259516210A180D0056987E /* ScheduledWorkout.swift */ = {isa = PBXFileReference; lastKnownFileType = sourcecode.swift; path = ScheduledWorkout.swift; sourceTree = "<group>"; };
		90259518210A18200056987E /* Response.swift */ = {isa = PBXFileReference; lastKnownFileType = sourcecode.swift; path = Response.swift; sourceTree = "<group>"; };
		9025951A210B714A0056987E /* LoginRequest.swift */ = {isa = PBXFileReference; lastKnownFileType = sourcecode.swift; path = LoginRequest.swift; sourceTree = "<group>"; };
		9025951E210BBDA30056987E /* HTTPClient.swift */ = {isa = PBXFileReference; lastKnownFileType = sourcecode.swift; path = HTTPClient.swift; sourceTree = "<group>"; };
		9087AFF820F4EAB000179EFB /* ROMWOD.app */ = {isa = PBXFileReference; explicitFileType = wrapper.application; includeInIndex = 0; path = ROMWOD.app; sourceTree = BUILT_PRODUCTS_DIR; };
		9087AFFB20F4EAB000179EFB /* AppDelegate.swift */ = {isa = PBXFileReference; lastKnownFileType = sourcecode.swift; path = AppDelegate.swift; sourceTree = "<group>"; };
		9087B00220F4EAB000179EFB /* Base */ = {isa = PBXFileReference; lastKnownFileType = file.storyboard; name = Base; path = Base.lproj/Main.storyboard; sourceTree = "<group>"; };
		9087B00420F4EAB200179EFB /* Assets.xcassets */ = {isa = PBXFileReference; lastKnownFileType = folder.assetcatalog; path = Assets.xcassets; sourceTree = "<group>"; };
		9087B00720F4EAB200179EFB /* Base */ = {isa = PBXFileReference; lastKnownFileType = file.storyboard; name = Base; path = Base.lproj/LaunchScreen.storyboard; sourceTree = "<group>"; };
		9087B00920F4EAB200179EFB /* Info.plist */ = {isa = PBXFileReference; lastKnownFileType = text.plist.xml; path = Info.plist; sourceTree = "<group>"; };
		9087B00E20F4EAB200179EFB /* ROMWODTests.xctest */ = {isa = PBXFileReference; explicitFileType = wrapper.cfbundle; includeInIndex = 0; path = ROMWODTests.xctest; sourceTree = BUILT_PRODUCTS_DIR; };
		9087B01220F4EAB200179EFB /* ROMWODTests.swift */ = {isa = PBXFileReference; lastKnownFileType = sourcecode.swift; path = ROMWODTests.swift; sourceTree = "<group>"; };
		9087B01420F4EAB200179EFB /* Info.plist */ = {isa = PBXFileReference; lastKnownFileType = text.plist.xml; path = Info.plist; sourceTree = "<group>"; };
		9087B01920F4EAB200179EFB /* ROMWODUITests.xctest */ = {isa = PBXFileReference; explicitFileType = wrapper.cfbundle; includeInIndex = 0; path = ROMWODUITests.xctest; sourceTree = BUILT_PRODUCTS_DIR; };
		9087B01D20F4EAB200179EFB /* ROMWODUITests.swift */ = {isa = PBXFileReference; lastKnownFileType = sourcecode.swift; path = ROMWODUITests.swift; sourceTree = "<group>"; };
		9087B01F20F4EAB200179EFB /* Info.plist */ = {isa = PBXFileReference; lastKnownFileType = text.plist.xml; path = Info.plist; sourceTree = "<group>"; };
		9087B02F20F8D7B400179EFB /* LoginViewController.swift */ = {isa = PBXFileReference; lastKnownFileType = sourcecode.swift; path = LoginViewController.swift; sourceTree = "<group>"; };
		9087B03220FCCD6E00179EFB /* User.swift */ = {isa = PBXFileReference; lastKnownFileType = sourcecode.swift; path = User.swift; sourceTree = "<group>"; };
		9087B03420FCE1BA00179EFB /* ProfileResponse.swift */ = {isa = PBXFileReference; lastKnownFileType = sourcecode.swift; path = ProfileResponse.swift; sourceTree = "<group>"; };
		90B7AE302111316900BA2905 /* UIVideoThumbnail.xib */ = {isa = PBXFileReference; lastKnownFileType = file.xib; path = UIVideoThumbnail.xib; sourceTree = "<group>"; };
		90B7AE32211133F300BA2905 /* UIVideoThumbnail.swift */ = {isa = PBXFileReference; lastKnownFileType = sourcecode.swift; path = UIVideoThumbnail.swift; sourceTree = "<group>"; };
/* End PBXFileReference section */

/* Begin PBXFrameworksBuildPhase section */
		9087AFF520F4EAB000179EFB /* Frameworks */ = {
			isa = PBXFrameworksBuildPhase;
			buildActionMask = 2147483647;
			files = (
			);
			runOnlyForDeploymentPostprocessing = 0;
		};
		9087B00B20F4EAB200179EFB /* Frameworks */ = {
			isa = PBXFrameworksBuildPhase;
			buildActionMask = 2147483647;
			files = (
			);
			runOnlyForDeploymentPostprocessing = 0;
		};
		9087B01620F4EAB200179EFB /* Frameworks */ = {
			isa = PBXFrameworksBuildPhase;
			buildActionMask = 2147483647;
			files = (
			);
			runOnlyForDeploymentPostprocessing = 0;
		};
/* End PBXFrameworksBuildPhase section */

/* Begin PBXGroup section */
		90045A9D2107B30500227D18 /* Networking */ = {
			isa = PBXGroup;
			children = (
				90F04BA22110AC45005660EF /* Utilites */,
				9025951321090A6D0056987E /* Models */,
				9025951E210BBDA30056987E /* HTTPClient.swift */,
			);
			path = Networking;
			sourceTree = "<group>";
		};
		902595122109018E0056987E /* Constants */ = {
			isa = PBXGroup;
			children = (
				902595102109009D0056987E /* URLContants.swift */,
			);
			path = Constants;
			sourceTree = "<group>";
		};
		9025951321090A6D0056987E /* Models */ = {
			isa = PBXGroup;
			children = (
				9087B03420FCE1BA00179EFB /* ProfileResponse.swift */,
				9025951A210B714A0056987E /* LoginRequest.swift */,
				9025950E2108FDE50056987E /* ScheduleRequest.swift */,
				90259514210A06370056987E /* ScheduleResponse.swift */,
				90259518210A18200056987E /* Response.swift */,
				90259516210A180D0056987E /* ScheduledWorkout.swift */,
			);
			path = Models;
			sourceTree = "<group>";
		};
		9087AFEF20F4EAB000179EFB = {
			isa = PBXGroup;
			children = (
				9087AFFA20F4EAB000179EFB /* ROMWOD */,
				9087B01120F4EAB200179EFB /* ROMWODTests */,
				9087B01C20F4EAB200179EFB /* ROMWODUITests */,
				9087AFF920F4EAB000179EFB /* Products */,
			);
			sourceTree = "<group>";
		};
		9087AFF920F4EAB000179EFB /* Products */ = {
			isa = PBXGroup;
			children = (
				9087AFF820F4EAB000179EFB /* ROMWOD.app */,
				9087B00E20F4EAB200179EFB /* ROMWODTests.xctest */,
				9087B01920F4EAB200179EFB /* ROMWODUITests.xctest */,
			);
			name = Products;
			sourceTree = "<group>";
		};
		9087AFFA20F4EAB000179EFB /* ROMWOD */ = {
			isa = PBXGroup;
			children = (
				90045A922107A5BD00227D18 /* ListingViewController.swift */,
				90B7AE302111316900BA2905 /* UIVideoThumbnail.xib */,
				90B7AE32211133F300BA2905 /* UIVideoThumbnail.swift */,
				9087B02F20F8D7B400179EFB /* LoginViewController.swift */,
				9087B03220FCCD6E00179EFB /* User.swift */,
				9087B03120FCCCC300179EFB /* Supporting Files */,
				9087B00120F4EAB000179EFB /* Main.storyboard */,
				9087B00920F4EAB200179EFB /* Info.plist */,
				902595122109018E0056987E /* Constants */,
				90045A9D2107B30500227D18 /* Networking */,
			);
			path = ROMWOD;
			sourceTree = "<group>";
		};
		9087B01120F4EAB200179EFB /* ROMWODTests */ = {
			isa = PBXGroup;
			children = (
				9087B01220F4EAB200179EFB /* ROMWODTests.swift */,
				9087B01420F4EAB200179EFB /* Info.plist */,
			);
			path = ROMWODTests;
			sourceTree = "<group>";
		};
		9087B01C20F4EAB200179EFB /* ROMWODUITests */ = {
			isa = PBXGroup;
			children = (
				9087B01D20F4EAB200179EFB /* ROMWODUITests.swift */,
				9087B01F20F4EAB200179EFB /* Info.plist */,
			);
			path = ROMWODUITests;
			sourceTree = "<group>";
		};
		9087B03120FCCCC300179EFB /* Supporting Files */ = {
			isa = PBXGroup;
			children = (
				9087AFFB20F4EAB000179EFB /* AppDelegate.swift */,
				9087B00420F4EAB200179EFB /* Assets.xcassets */,
				9087B00620F4EAB200179EFB /* LaunchScreen.storyboard */,
			);
			path = "Supporting Files";
			sourceTree = "<group>";
		};
		90F04BA22110AC45005660EF /* Utilites */ = {
			isa = PBXGroup;
			children = (
				90045A9E2107B34000227D18 /* Router.swift */,
				9025950C2108E55A0056987E /* SynchronousDataTask.swift */,
			);
			path = Utilites;
			sourceTree = "<group>";
		};
/* End PBXGroup section */

/* Begin PBXNativeTarget section */
		9087AFF720F4EAB000179EFB /* ROMWOD */ = {
			isa = PBXNativeTarget;
			buildConfigurationList = 9087B02220F4EAB200179EFB /* Build configuration list for PBXNativeTarget "ROMWOD" */;
			buildPhases = (
				9087AFF420F4EAB000179EFB /* Sources */,
				9087AFF520F4EAB000179EFB /* Frameworks */,
				9087AFF620F4EAB000179EFB /* Resources */,
			);
			buildRules = (
			);
			dependencies = (
			);
			name = ROMWOD;
			productName = ROMWOD;
			productReference = 9087AFF820F4EAB000179EFB /* ROMWOD.app */;
			productType = "com.apple.product-type.application";
		};
		9087B00D20F4EAB200179EFB /* ROMWODTests */ = {
			isa = PBXNativeTarget;
			buildConfigurationList = 9087B02520F4EAB200179EFB /* Build configuration list for PBXNativeTarget "ROMWODTests" */;
			buildPhases = (
				9087B00A20F4EAB200179EFB /* Sources */,
				9087B00B20F4EAB200179EFB /* Frameworks */,
				9087B00C20F4EAB200179EFB /* Resources */,
			);
			buildRules = (
			);
			dependencies = (
				9087B01020F4EAB200179EFB /* PBXTargetDependency */,
			);
			name = ROMWODTests;
			productName = ROMWODTests;
			productReference = 9087B00E20F4EAB200179EFB /* ROMWODTests.xctest */;
			productType = "com.apple.product-type.bundle.unit-test";
		};
		9087B01820F4EAB200179EFB /* ROMWODUITests */ = {
			isa = PBXNativeTarget;
			buildConfigurationList = 9087B02820F4EAB200179EFB /* Build configuration list for PBXNativeTarget "ROMWODUITests" */;
			buildPhases = (
				9087B01520F4EAB200179EFB /* Sources */,
				9087B01620F4EAB200179EFB /* Frameworks */,
				9087B01720F4EAB200179EFB /* Resources */,
			);
			buildRules = (
			);
			dependencies = (
				9087B01B20F4EAB200179EFB /* PBXTargetDependency */,
			);
			name = ROMWODUITests;
			productName = ROMWODUITests;
			productReference = 9087B01920F4EAB200179EFB /* ROMWODUITests.xctest */;
			productType = "com.apple.product-type.bundle.ui-testing";
		};
/* End PBXNativeTarget section */

/* Begin PBXProject section */
		9087AFF020F4EAB000179EFB /* Project object */ = {
			isa = PBXProject;
			attributes = {
				LastSwiftUpdateCheck = 0940;
				LastUpgradeCheck = 0940;
				ORGANIZATIONNAME = "Tim Ludikar";
				TargetAttributes = {
					9087AFF720F4EAB000179EFB = {
						CreatedOnToolsVersion = 9.4.1;
					};
					9087B00D20F4EAB200179EFB = {
						CreatedOnToolsVersion = 9.4.1;
						TestTargetID = 9087AFF720F4EAB000179EFB;
					};
					9087B01820F4EAB200179EFB = {
						CreatedOnToolsVersion = 9.4.1;
						TestTargetID = 9087AFF720F4EAB000179EFB;
					};
				};
			};
			buildConfigurationList = 9087AFF320F4EAB000179EFB /* Build configuration list for PBXProject "ROMWOD" */;
			compatibilityVersion = "Xcode 9.3";
			developmentRegion = en;
			hasScannedForEncodings = 0;
			knownRegions = (
				en,
				Base,
			);
			mainGroup = 9087AFEF20F4EAB000179EFB;
			productRefGroup = 9087AFF920F4EAB000179EFB /* Products */;
			projectDirPath = "";
			projectRoot = "";
			targets = (
				9087AFF720F4EAB000179EFB /* ROMWOD */,
				9087B00D20F4EAB200179EFB /* ROMWODTests */,
				9087B01820F4EAB200179EFB /* ROMWODUITests */,
			);
		};
/* End PBXProject section */

/* Begin PBXResourcesBuildPhase section */
		9087AFF620F4EAB000179EFB /* Resources */ = {
			isa = PBXResourcesBuildPhase;
			buildActionMask = 2147483647;
			files = (
				9087B00820F4EAB200179EFB /* LaunchScreen.storyboard in Resources */,
				9087B00520F4EAB200179EFB /* Assets.xcassets in Resources */,
				90B7AE312111316A00BA2905 /* UIVideoThumbnail.xib in Resources */,
				9087B00320F4EAB000179EFB /* Main.storyboard in Resources */,
			);
			runOnlyForDeploymentPostprocessing = 0;
		};
		9087B00C20F4EAB200179EFB /* Resources */ = {
			isa = PBXResourcesBuildPhase;
			buildActionMask = 2147483647;
			files = (
			);
			runOnlyForDeploymentPostprocessing = 0;
		};
		9087B01720F4EAB200179EFB /* Resources */ = {
			isa = PBXResourcesBuildPhase;
			buildActionMask = 2147483647;
			files = (
			);
			runOnlyForDeploymentPostprocessing = 0;
		};
/* End PBXResourcesBuildPhase section */

/* Begin PBXSourcesBuildPhase section */
		9087AFF420F4EAB000179EFB /* Sources */ = {
			isa = PBXSourcesBuildPhase;
			buildActionMask = 2147483647;
			files = (
				9025950D2108E55A0056987E /* SynchronousDataTask.swift in Sources */,
				90259517210A180D0056987E /* ScheduledWorkout.swift in Sources */,
				9087B03020F8D7B400179EFB /* LoginViewController.swift in Sources */,
				90045A9F2107B34000227D18 /* Router.swift in Sources */,
				9025951B210B714A0056987E /* LoginRequest.swift in Sources */,
				90259515210A06370056987E /* ScheduleResponse.swift in Sources */,
				90259519210A18200056987E /* Response.swift in Sources */,
				902595112109009D0056987E /* URLContants.swift in Sources */,
				9087B03520FCE1BA00179EFB /* ProfileResponse.swift in Sources */,
				90B7AE33211133F300BA2905 /* UIVideoThumbnail.swift in Sources */,
				9087AFFC20F4EAB000179EFB /* AppDelegate.swift in Sources */,
				9025951F210BBDA30056987E /* HTTPClient.swift in Sources */,
				9087B03320FCCD6F00179EFB /* User.swift in Sources */,
				9025950F2108FDE50056987E /* ScheduleRequest.swift in Sources */,
				90045A932107A5BD00227D18 /* ListingViewController.swift in Sources */,
			);
			runOnlyForDeploymentPostprocessing = 0;
		};
		9087B00A20F4EAB200179EFB /* Sources */ = {
			isa = PBXSourcesBuildPhase;
			buildActionMask = 2147483647;
			files = (
				9087B01320F4EAB200179EFB /* ROMWODTests.swift in Sources */,
			);
			runOnlyForDeploymentPostprocessing = 0;
		};
		9087B01520F4EAB200179EFB /* Sources */ = {
			isa = PBXSourcesBuildPhase;
			buildActionMask = 2147483647;
			files = (
				9087B01E20F4EAB200179EFB /* ROMWODUITests.swift in Sources */,
			);
			runOnlyForDeploymentPostprocessing = 0;
		};
/* End PBXSourcesBuildPhase section */

/* Begin PBXTargetDependency section */
		9087B01020F4EAB200179EFB /* PBXTargetDependency */ = {
			isa = PBXTargetDependency;
			target = 9087AFF720F4EAB000179EFB /* ROMWOD */;
			targetProxy = 9087B00F20F4EAB200179EFB /* PBXContainerItemProxy */;
		};
		9087B01B20F4EAB200179EFB /* PBXTargetDependency */ = {
			isa = PBXTargetDependency;
			target = 9087AFF720F4EAB000179EFB /* ROMWOD */;
			targetProxy = 9087B01A20F4EAB200179EFB /* PBXContainerItemProxy */;
		};
/* End PBXTargetDependency section */

/* Begin PBXVariantGroup section */
		9087B00120F4EAB000179EFB /* Main.storyboard */ = {
			isa = PBXVariantGroup;
			children = (
				9087B00220F4EAB000179EFB /* Base */,
			);
			name = Main.storyboard;
			sourceTree = "<group>";
		};
		9087B00620F4EAB200179EFB /* LaunchScreen.storyboard */ = {
			isa = PBXVariantGroup;
			children = (
				9087B00720F4EAB200179EFB /* Base */,
			);
			name = LaunchScreen.storyboard;
			sourceTree = "<group>";
		};
/* End PBXVariantGroup section */

/* Begin XCBuildConfiguration section */
		9087B02020F4EAB200179EFB /* Debug */ = {
			isa = XCBuildConfiguration;
			buildSettings = {
				ALWAYS_SEARCH_USER_PATHS = NO;
				CLANG_ANALYZER_NONNULL = YES;
				CLANG_ANALYZER_NUMBER_OBJECT_CONVERSION = YES_AGGRESSIVE;
				CLANG_CXX_LANGUAGE_STANDARD = "gnu++14";
				CLANG_CXX_LIBRARY = "libc++";
				CLANG_ENABLE_MODULES = YES;
				CLANG_ENABLE_OBJC_ARC = YES;
				CLANG_ENABLE_OBJC_WEAK = YES;
				CLANG_WARN_BLOCK_CAPTURE_AUTORELEASING = YES;
				CLANG_WARN_BOOL_CONVERSION = YES;
				CLANG_WARN_COMMA = YES;
				CLANG_WARN_CONSTANT_CONVERSION = YES;
				CLANG_WARN_DEPRECATED_OBJC_IMPLEMENTATIONS = YES;
				CLANG_WARN_DIRECT_OBJC_ISA_USAGE = YES_ERROR;
				CLANG_WARN_DOCUMENTATION_COMMENTS = YES;
				CLANG_WARN_EMPTY_BODY = YES;
				CLANG_WARN_ENUM_CONVERSION = YES;
				CLANG_WARN_INFINITE_RECURSION = YES;
				CLANG_WARN_INT_CONVERSION = YES;
				CLANG_WARN_NON_LITERAL_NULL_CONVERSION = YES;
				CLANG_WARN_OBJC_IMPLICIT_RETAIN_SELF = YES;
				CLANG_WARN_OBJC_LITERAL_CONVERSION = YES;
				CLANG_WARN_OBJC_ROOT_CLASS = YES_ERROR;
				CLANG_WARN_RANGE_LOOP_ANALYSIS = YES;
				CLANG_WARN_STRICT_PROTOTYPES = YES;
				CLANG_WARN_SUSPICIOUS_MOVE = YES;
				CLANG_WARN_UNGUARDED_AVAILABILITY = YES_AGGRESSIVE;
				CLANG_WARN_UNREACHABLE_CODE = YES;
				CLANG_WARN__DUPLICATE_METHOD_MATCH = YES;
				CODE_SIGN_IDENTITY = "iPhone Developer";
				COPY_PHASE_STRIP = NO;
				DEBUG_INFORMATION_FORMAT = dwarf;
				ENABLE_STRICT_OBJC_MSGSEND = YES;
				ENABLE_TESTABILITY = YES;
				GCC_C_LANGUAGE_STANDARD = gnu11;
				GCC_DYNAMIC_NO_PIC = NO;
				GCC_NO_COMMON_BLOCKS = YES;
				GCC_OPTIMIZATION_LEVEL = 0;
				GCC_PREPROCESSOR_DEFINITIONS = (
					"DEBUG=1",
					"$(inherited)",
				);
				GCC_WARN_64_TO_32_BIT_CONVERSION = YES;
				GCC_WARN_ABOUT_RETURN_TYPE = YES_ERROR;
				GCC_WARN_UNDECLARED_SELECTOR = YES;
				GCC_WARN_UNINITIALIZED_AUTOS = YES_AGGRESSIVE;
				GCC_WARN_UNUSED_FUNCTION = YES;
				GCC_WARN_UNUSED_VARIABLE = YES;
				IPHONEOS_DEPLOYMENT_TARGET = 11.4;
				MTL_ENABLE_DEBUG_INFO = YES;
				ONLY_ACTIVE_ARCH = YES;
				SDKROOT = iphoneos;
				SWIFT_ACTIVE_COMPILATION_CONDITIONS = DEBUG;
				SWIFT_OPTIMIZATION_LEVEL = "-Onone";
			};
			name = Debug;
		};
		9087B02120F4EAB200179EFB /* Release */ = {
			isa = XCBuildConfiguration;
			buildSettings = {
				ALWAYS_SEARCH_USER_PATHS = NO;
				CLANG_ANALYZER_NONNULL = YES;
				CLANG_ANALYZER_NUMBER_OBJECT_CONVERSION = YES_AGGRESSIVE;
				CLANG_CXX_LANGUAGE_STANDARD = "gnu++14";
				CLANG_CXX_LIBRARY = "libc++";
				CLANG_ENABLE_MODULES = YES;
				CLANG_ENABLE_OBJC_ARC = YES;
				CLANG_ENABLE_OBJC_WEAK = YES;
				CLANG_WARN_BLOCK_CAPTURE_AUTORELEASING = YES;
				CLANG_WARN_BOOL_CONVERSION = YES;
				CLANG_WARN_COMMA = YES;
				CLANG_WARN_CONSTANT_CONVERSION = YES;
				CLANG_WARN_DEPRECATED_OBJC_IMPLEMENTATIONS = YES;
				CLANG_WARN_DIRECT_OBJC_ISA_USAGE = YES_ERROR;
				CLANG_WARN_DOCUMENTATION_COMMENTS = YES;
				CLANG_WARN_EMPTY_BODY = YES;
				CLANG_WARN_ENUM_CONVERSION = YES;
				CLANG_WARN_INFINITE_RECURSION = YES;
				CLANG_WARN_INT_CONVERSION = YES;
				CLANG_WARN_NON_LITERAL_NULL_CONVERSION = YES;
				CLANG_WARN_OBJC_IMPLICIT_RETAIN_SELF = YES;
				CLANG_WARN_OBJC_LITERAL_CONVERSION = YES;
				CLANG_WARN_OBJC_ROOT_CLASS = YES_ERROR;
				CLANG_WARN_RANGE_LOOP_ANALYSIS = YES;
				CLANG_WARN_STRICT_PROTOTYPES = YES;
				CLANG_WARN_SUSPICIOUS_MOVE = YES;
				CLANG_WARN_UNGUARDED_AVAILABILITY = YES_AGGRESSIVE;
				CLANG_WARN_UNREACHABLE_CODE = YES;
				CLANG_WARN__DUPLICATE_METHOD_MATCH = YES;
				CODE_SIGN_IDENTITY = "iPhone Developer";
				COPY_PHASE_STRIP = NO;
				DEBUG_INFORMATION_FORMAT = "dwarf-with-dsym";
				ENABLE_NS_ASSERTIONS = NO;
				ENABLE_STRICT_OBJC_MSGSEND = YES;
				GCC_C_LANGUAGE_STANDARD = gnu11;
				GCC_NO_COMMON_BLOCKS = YES;
				GCC_WARN_64_TO_32_BIT_CONVERSION = YES;
				GCC_WARN_ABOUT_RETURN_TYPE = YES_ERROR;
				GCC_WARN_UNDECLARED_SELECTOR = YES;
				GCC_WARN_UNINITIALIZED_AUTOS = YES_AGGRESSIVE;
				GCC_WARN_UNUSED_FUNCTION = YES;
				GCC_WARN_UNUSED_VARIABLE = YES;
				IPHONEOS_DEPLOYMENT_TARGET = 11.4;
				MTL_ENABLE_DEBUG_INFO = NO;
				SDKROOT = iphoneos;
				SWIFT_COMPILATION_MODE = wholemodule;
				SWIFT_OPTIMIZATION_LEVEL = "-O";
				VALIDATE_PRODUCT = YES;
			};
			name = Release;
		};
		9087B02320F4EAB200179EFB /* Debug */ = {
			isa = XCBuildConfiguration;
			buildSettings = {
				ASSETCATALOG_COMPILER_APPICON_NAME = AppIcon;
				CODE_SIGN_STYLE = Automatic;
				DEVELOPMENT_TEAM = 8W9ZD53UBT;
				INFOPLIST_FILE = ROMWOD/Info.plist;
				LD_RUNPATH_SEARCH_PATHS = (
					"$(inherited)",
					"@executable_path/Frameworks",
				);
				PRODUCT_BUNDLE_IDENTIFIER = tim.ludikar.ROMWOD;
				PRODUCT_NAME = "$(TARGET_NAME)";
				SWIFT_VERSION = 4.0;
				TARGETED_DEVICE_FAMILY = "1,2";
			};
			name = Debug;
		};
		9087B02420F4EAB200179EFB /* Release */ = {
			isa = XCBuildConfiguration;
			buildSettings = {
				ASSETCATALOG_COMPILER_APPICON_NAME = AppIcon;
				CODE_SIGN_STYLE = Automatic;
				DEVELOPMENT_TEAM = 8W9ZD53UBT;
				INFOPLIST_FILE = ROMWOD/Info.plist;
				LD_RUNPATH_SEARCH_PATHS = (
					"$(inherited)",
					"@executable_path/Frameworks",
				);
				PRODUCT_BUNDLE_IDENTIFIER = tim.ludikar.ROMWOD;
				PRODUCT_NAME = "$(TARGET_NAME)";
				SWIFT_VERSION = 4.0;
				TARGETED_DEVICE_FAMILY = "1,2";
			};
			name = Release;
		};
		9087B02620F4EAB200179EFB /* Debug */ = {
			isa = XCBuildConfiguration;
			buildSettings = {
				ALWAYS_EMBED_SWIFT_STANDARD_LIBRARIES = YES;
				BUNDLE_LOADER = "$(TEST_HOST)";
				CODE_SIGN_STYLE = Automatic;
				DEVELOPMENT_TEAM = 8W9ZD53UBT;
				INFOPLIST_FILE = ROMWODTests/Info.plist;
				LD_RUNPATH_SEARCH_PATHS = (
					"$(inherited)",
					"@executable_path/Frameworks",
					"@loader_path/Frameworks",
				);
				PRODUCT_BUNDLE_IDENTIFIER = tim.ludikar.ROMWODTests;
				PRODUCT_NAME = "$(TARGET_NAME)";
				SWIFT_VERSION = 4.0;
				TARGETED_DEVICE_FAMILY = "1,2";
				TEST_HOST = "$(BUILT_PRODUCTS_DIR)/ROMWOD.app/ROMWOD";
			};
			name = Debug;
		};
		9087B02720F4EAB200179EFB /* Release */ = {
			isa = XCBuildConfiguration;
			buildSettings = {
				ALWAYS_EMBED_SWIFT_STANDARD_LIBRARIES = YES;
				BUNDLE_LOADER = "$(TEST_HOST)";
				CODE_SIGN_STYLE = Automatic;
				DEVELOPMENT_TEAM = 8W9ZD53UBT;
				INFOPLIST_FILE = ROMWODTests/Info.plist;
				LD_RUNPATH_SEARCH_PATHS = (
					"$(inherited)",
					"@executable_path/Frameworks",
					"@loader_path/Frameworks",
				);
				PRODUCT_BUNDLE_IDENTIFIER = tim.ludikar.ROMWODTests;
				PRODUCT_NAME = "$(TARGET_NAME)";
				SWIFT_VERSION = 4.0;
				TARGETED_DEVICE_FAMILY = "1,2";
				TEST_HOST = "$(BUILT_PRODUCTS_DIR)/ROMWOD.app/ROMWOD";
			};
			name = Release;
		};
		9087B02920F4EAB200179EFB /* Debug */ = {
			isa = XCBuildConfiguration;
			buildSettings = {
				ALWAYS_EMBED_SWIFT_STANDARD_LIBRARIES = YES;
				CODE_SIGN_STYLE = Automatic;
				DEVELOPMENT_TEAM = 8W9ZD53UBT;
				INFOPLIST_FILE = ROMWODUITests/Info.plist;
				LD_RUNPATH_SEARCH_PATHS = (
					"$(inherited)",
					"@executable_path/Frameworks",
					"@loader_path/Frameworks",
				);
				PRODUCT_BUNDLE_IDENTIFIER = tim.ludikar.ROMWODUITests;
				PRODUCT_NAME = "$(TARGET_NAME)";
				SWIFT_VERSION = 4.0;
				TARGETED_DEVICE_FAMILY = "1,2";
				TEST_TARGET_NAME = ROMWOD;
			};
			name = Debug;
		};
		9087B02A20F4EAB200179EFB /* Release */ = {
			isa = XCBuildConfiguration;
			buildSettings = {
				ALWAYS_EMBED_SWIFT_STANDARD_LIBRARIES = YES;
				CODE_SIGN_STYLE = Automatic;
				DEVELOPMENT_TEAM = 8W9ZD53UBT;
				INFOPLIST_FILE = ROMWODUITests/Info.plist;
				LD_RUNPATH_SEARCH_PATHS = (
					"$(inherited)",
					"@executable_path/Frameworks",
					"@loader_path/Frameworks",
				);
				PRODUCT_BUNDLE_IDENTIFIER = tim.ludikar.ROMWODUITests;
				PRODUCT_NAME = "$(TARGET_NAME)";
				SWIFT_VERSION = 4.0;
				TARGETED_DEVICE_FAMILY = "1,2";
				TEST_TARGET_NAME = ROMWOD;
			};
			name = Release;
		};
/* End XCBuildConfiguration section */

/* Begin XCConfigurationList section */
		9087AFF320F4EAB000179EFB /* Build configuration list for PBXProject "ROMWOD" */ = {
			isa = XCConfigurationList;
			buildConfigurations = (
				9087B02020F4EAB200179EFB /* Debug */,
				9087B02120F4EAB200179EFB /* Release */,
			);
			defaultConfigurationIsVisible = 0;
			defaultConfigurationName = Release;
		};
		9087B02220F4EAB200179EFB /* Build configuration list for PBXNativeTarget "ROMWOD" */ = {
			isa = XCConfigurationList;
			buildConfigurations = (
				9087B02320F4EAB200179EFB /* Debug */,
				9087B02420F4EAB200179EFB /* Release */,
			);
			defaultConfigurationIsVisible = 0;
			defaultConfigurationName = Release;
		};
		9087B02520F4EAB200179EFB /* Build configuration list for PBXNativeTarget "ROMWODTests" */ = {
			isa = XCConfigurationList;
			buildConfigurations = (
				9087B02620F4EAB200179EFB /* Debug */,
				9087B02720F4EAB200179EFB /* Release */,
			);
			defaultConfigurationIsVisible = 0;
			defaultConfigurationName = Release;
		};
		9087B02820F4EAB200179EFB /* Build configuration list for PBXNativeTarget "ROMWODUITests" */ = {
			isa = XCConfigurationList;
			buildConfigurations = (
				9087B02920F4EAB200179EFB /* Debug */,
				9087B02A20F4EAB200179EFB /* Release */,
			);
			defaultConfigurationIsVisible = 0;
			defaultConfigurationName = Release;
		};
/* End XCConfigurationList section */
	};
	rootObject = 9087AFF020F4EAB000179EFB /* Project object */;
}
